
Microsoft Visual Studio Solution File, Format Version 12.00
# Visual Studio Version 16
VisualStudioVersion = 16.0.30225.117
MinimumVisualStudioVersion = 10.0.40219.1
Project("{FAE04EC0-301F-11D3-BF4B-00C04F79EFBC}") = "NRTPAnalyzer.CLI", "NRTPAnalyzer.CLI\NRTPAnalyzer.CLI.csproj", "{E6FB63B0-9F50-4EBC-81D0-AF72F39E06A2}"
EndProject
Project("{9A19103F-16F7-4668-BE54-9A1E7A4F7556}") = "NRTPAnalyzer", "NRTPAnalyzer\NRTPAnalyzer.csproj", "{CD985C3D-C5B6-473E-BEBB-CC8611794A7F}"
EndProject
Global
	GlobalSection(SolutionConfigurationPlatforms) = preSolution
		Debug|Any CPU = Debug|Any CPU
		Release|Any CPU = Release|Any CPU
	EndGlobalSection
	GlobalSection(ProjectConfigurationPlatforms) = postSolution
		{E6FB63B0-9F50-4EBC-81D0-AF72F39E06A2}.Debug|Any CPU.ActiveCfg = Debug|Any CPU
		{E6FB63B0-9F50-4EBC-81D0-AF72F39E06A2}.Debug|Any CPU.Build.0 = Debug|Any CPU
		{E6FB63B0-9F50-4EBC-81D0-AF72F39E06A2}.Release|Any CPU.ActiveCfg = Release|Any CPU
		{E6FB63B0-9F50-4EBC-81D0-AF72F39E06A2}.Release|Any CPU.Build.0 = Release|Any CPU
		{CD985C3D-C5B6-473E-BEBB-CC8611794A7F}.Debug|Any CPU.ActiveCfg = Debug|Any CPU
		{CD985C3D-C5B6-473E-BEBB-CC8611794A7F}.Debug|Any CPU.Build.0 = Debug|Any CPU
		{CD985C3D-C5B6-473E-BEBB-CC8611794A7F}.Release|Any CPU.ActiveCfg = Release|Any CPU
		{CD985C3D-C5B6-473E-BEBB-CC8611794A7F}.Release|Any CPU.Build.0 = Release|Any CPU
	EndGlobalSection
	GlobalSection(SolutionProperties) = preSolution
		HideSolutionNode = FALSE
	EndGlobalSection
	GlobalSection(ExtensibilityGlobals) = postSolution
		SolutionGuid = {2F0D8333-5CB0-45A0-BAE0-C7388A981197}
	EndGlobalSection
EndGlobal
